Microsoft Visual Studio Solution File, Format Version 12.00
# Visual Studio 15
VisualStudioVersion = 15.0.27130.2027
MinimumVisualStudioVersion = 10.0.40219.1
Project("{656346D9-4656-40DA-A068-22D5425D4639}") = "GoldLibrary.Tests.Shared", "GoldLibrary.Tests.Shared.elements", "{1824FBA3-631E-4E54-9D33-4D90DD808F6D}"
EndProject
Project("{656346D9-4656-40DA-A068-22D5425D4639}") = "GoldLibrary.Tests.Echoes", "GoldLibrary.Tests.Echoes.elements", "{90C713EA-2476-4620-9712-2D7F12C85451}"
EndProject
Global
	GlobalSection(SolutionConfigurationPlatforms) = preSolution
		Debug|AnyCPU = Debug|AnyCPU
		Release|AnyCPU = Release|AnyCPU
	EndGlobalSection
	GlobalSection(ProjectConfigurationPlatforms) = postSolution
		{90C713EA-2476-4620-9712-2D7F12C85451}.Debug|AnyCPU.ActiveCfg = Debug
		{90C713EA-2476-4620-9712-2D7F12C85451}.Debug|AnyCPU.Build.0 = Debug
		{90C713EA-2476-4620-9712-2D7F12C85451}.Debug|AnyCPU.Deploy.0 = Debug
		{90C713EA-2476-4620-9712-2D7F12C85451}.Release|AnyCPU.ActiveCfg = Release
		{90C713EA-2476-4620-9712-2D7F12C85451}.Release|AnyCPU.Build.0 = Release
	EndGlobalSection
	GlobalSection(SolutionProperties) = preSolution
		HideSolutionNode = FALSE
	EndGlobalSection
	GlobalSection(ExtensibilityGlobals) = postSolution
		SolutionGuid = {E788F915-6891-4698-BBAF-0ED523868FF4}
	EndGlobalSection
EndGlobal
