Microsoft Visual Studio Solution File, Format Version 12.00
# Visual Studio 14
VisualStudioVersion = 14.0.25420.1
MinimumVisualStudioVersion = 10.0.40219.1
Project("{656346D9-4656-40DA-A068-22D5425D4639}") = "Gold", "Gold.elements", "{1589467E-2C45-4FD0-B0BA-F09FBAEC2E2B}"
EndProject
Global
	GlobalSection(SolutionConfigurationPlatforms) = preSolution
		Debug|AnyCPU = Debug|AnyCPU
		Release|AnyCPU = Release|AnyCPU
	EndGlobalSection
	GlobalSection(ProjectConfigurationPlatforms) = postSolution
		{1589467E-2C45-4FD0-B0BA-F09FBAEC2E2B}.Debug|AnyCPU.ActiveCfg = Debug
		{1589467E-2C45-4FD0-B0BA-F09FBAEC2E2B}.Debug|AnyCPU.Build.0 = Debug
		{1589467E-2C45-4FD0-B0BA-F09FBAEC2E2B}.Debug|AnyCPU.Deploy.0 = Debug
		{1589467E-2C45-4FD0-B0BA-F09FBAEC2E2B}.Release|AnyCPU.ActiveCfg = Release
		{1589467E-2C45-4FD0-B0BA-F09FBAEC2E2B}.Release|AnyCPU.Build.0 = Release
	EndGlobalSection
	GlobalSection(SolutionProperties) = preSolution
		HideSolutionNode = FALSE
	EndGlobalSection
EndGlobal